
Microsoft Visual Studio Solution File, Format Version 12.00
# Visual Studio Version 17
VisualStudioVersion = 17.6.33712.159
MinimumVisualStudioVersion = 10.0.40219.1
Project("{2150E333-8FDC-42A3-9474-1A3956D46DE8}") = "Week_1", "Week_1", "{99E6ED80-2BC7-46D6-A526-84FF09ED7D00}"
EndProject
Project("{9A19103F-16F7-4668-BE54-9A1E7A4F7556}") = "01_DataTypes", "01_DataTypes\01_DataTypes.csproj", "{41F376CE-8A13-4ED2-8FE0-EDCB28467292}"
EndProject
Project("{9A19103F-16F7-4668-BE54-9A1E7A4F7556}") = "02_String", "02_String\02_String.csproj", "{5A950B2F-3E03-455D-8D73-0411E7C258A8}"
EndProject
Project("{9A19103F-16F7-4668-BE54-9A1E7A4F7556}") = "03_Operators", "03_Operators\03_Operators.csproj", "{2C855869-62E8-47E7-A9C5-D4238C9B581F}"
EndProject
Project("{9A19103F-16F7-4668-BE54-9A1E7A4F7556}") = "04_Condition", "04_Condition\04_Condition.csproj", "{EF7263E7-E8E2-41CD-86AD-F4EAF13DC80A}"
EndProject
Project("{9A19103F-16F7-4668-BE54-9A1E7A4F7556}") = "05_Loops", "05_Loops\05_Loops.csproj", "{30D57757-37E7-4B53-B0D4-4EF14F5997E7}"
EndProject
Project("{2150E333-8FDC-42A3-9474-1A3956D46DE8}") = "Games", "Games", "{3478090F-3C6D-4040-90C9-EBAE0C2527B1}"
EndProject
Project("{9A19103F-16F7-4668-BE54-9A1E7A4F7556}") = "Game_NumberGuessing", "Game_NumberGuessing\Game_NumberGuessing.csproj", "{D4239681-61E3-44C8-96FE-D138A140C131}"
EndProject
Project("{2150E333-8FDC-42A3-9474-1A3956D46DE8}") = "Week_2", "Week_2", "{202E118C-3CB4-4925-8B6D-DCB8302975F9}"
EndProject
Project("{9A19103F-16F7-4668-BE54-9A1E7A4F7556}") = "06_Methods", "06_Methods\06_Methods.csproj", "{C24EBBDE-318B-46E2-9433-E3E3C96899A6}"
EndProject
Project("{9A19103F-16F7-4668-BE54-9A1E7A4F7556}") = "07_Arrays", "07_Arrays\07_Arrays.csproj", "{5977FEF4-FD6C-4C2A-B6AA-BD75A91EDC9B}"
EndProject
Project("{9A19103F-16F7-4668-BE54-9A1E7A4F7556}") = "08_Collections", "08_Collections\08_Collections.csproj", "{B475FBF6-67E7-4E48-902B-144A2A9562A4}"
EndProject
Project("{9A19103F-16F7-4668-BE54-9A1E7A4F7556}") = "09_Classes", "09_Classes\09_Classes.csproj", "{BB86A4F3-71ED-4E48-ADDC-8F7F3A56248A}"
EndProject
Project("{2150E333-8FDC-42A3-9474-1A3956D46DE8}") = "Games", "Games", "{829AAD98-BDB1-4BCC-AA41-D1B7AF014BB6}"
EndProject
Project("{9A19103F-16F7-4668-BE54-9A1E7A4F7556}") = "Game_Hangman", "Game_Hangman\Game_Hangman.csproj", "{CF5A84CC-ED6F-4BFF-8EB2-D02BA1A45BE8}"
EndProject
Project("{2150E333-8FDC-42A3-9474-1A3956D46DE8}") = "Week_3", "Week_3", "{782E5074-1C3A-42DC-B5DD-6D53E6993A64}"
EndProject
Project("{9A19103F-16F7-4668-BE54-9A1E7A4F7556}") = "10_MyFirstWinformsApp", "10_MyFirstWinformsApp\10_MyFirstWinformsApp.csproj", "{F1B8949D-52B9-4D4D-933C-C2D05B2AB01E}"
EndProject
Project("{9A19103F-16F7-4668-BE54-9A1E7A4F7556}") = "11_MyFirstWpfApp", "11_MyFirstWpfApp\11_MyFirstWpfApp.csproj", "{D8C43C43-0328-44E2-9251-B7DB4BD215C0}"
EndProject
Project("{2150E333-8FDC-42A3-9474-1A3956D46DE8}") = "Games", "Games", "{2EF77C9E-C307-49F6-8BD8-00C7B4D851AA}"
EndProject
Project("{9A19103F-16F7-4668-BE54-9A1E7A4F7556}") = "Game_MIS_WPF", "Game_MIS_WPF\Game_MIS_WPF.csproj", "{61C9496A-421A-478B-BD11-CC1391CD32C8}"
EndProject
Project("{2150E333-8FDC-42A3-9474-1A3956D46DE8}") = "Week_4", "Week_4", "{853B8CD4-A8C9-435A-8822-0C4BC1348C78}"
EndProject
Project("{FAE04EC0-301F-11D3-BF4B-00C04F79EFBC}") = "12_My_First_API", "12_My_First_API\12_My_First_API.csproj", "{50D7E596-D91F-412E-B8DB-270B93CA7E83}"
EndProject
Global
	GlobalSection(SolutionConfigurationPlatforms) = preSolution
		Debug|Any CPU = Debug|Any CPU
		Release|Any CPU = Release|Any CPU
	EndGlobalSection
	GlobalSection(ProjectConfigurationPlatforms) = postSolution
		{41F376CE-8A13-4ED2-8FE0-EDCB28467292}.Debug|Any CPU.ActiveCfg = Debug|Any CPU
		{41F376CE-8A13-4ED2-8FE0-EDCB28467292}.Debug|Any CPU.Build.0 = Debug|Any CPU
		{41F376CE-8A13-4ED2-8FE0-EDCB28467292}.Release|Any CPU.ActiveCfg = Release|Any CPU
		{41F376CE-8A13-4ED2-8FE0-EDCB28467292}.Release|Any CPU.Build.0 = Release|Any CPU
		{5A950B2F-3E03-455D-8D73-0411E7C258A8}.Debug|Any CPU.ActiveCfg = Debug|Any CPU
		{5A950B2F-3E03-455D-8D73-0411E7C258A8}.Debug|Any CPU.Build.0 = Debug|Any CPU
		{5A950B2F-3E03-455D-8D73-0411E7C258A8}.Release|Any CPU.ActiveCfg = Release|Any CPU
		{5A950B2F-3E03-455D-8D73-0411E7C258A8}.Release|Any CPU.Build.0 = Release|Any CPU
		{2C855869-62E8-47E7-A9C5-D4238C9B581F}.Debug|Any CPU.ActiveCfg = Debug|Any CPU
		{2C855869-62E8-47E7-A9C5-D4238C9B581F}.Debug|Any CPU.Build.0 = Debug|Any CPU
		{2C855869-62E8-47E7-A9C5-D4238C9B581F}.Release|Any CPU.ActiveCfg = Release|Any CPU
		{2C855869-62E8-47E7-A9C5-D4238C9B581F}.Release|Any CPU.Build.0 = Release|Any CPU
		{EF7263E7-E8E2-41CD-86AD-F4EAF13DC80A}.Debug|Any CPU.ActiveCfg = Debug|Any CPU
		{EF7263E7-E8E2-41CD-86AD-F4EAF13DC80A}.Debug|Any CPU.Build.0 = Debug|Any CPU
		{EF7263E7-E8E2-41CD-86AD-F4EAF13DC80A}.Release|Any CPU.ActiveCfg = Release|Any CPU
		{EF7263E7-E8E2-41CD-86AD-F4EAF13DC80A}.Release|Any CPU.Build.0 = Release|Any CPU
		{30D57757-37E7-4B53-B0D4-4EF14F5997E7}.Debug|Any CPU.ActiveCfg = Debug|Any CPU
		{30D57757-37E7-4B53-B0D4-4EF14F5997E7}.Debug|Any CPU.Build.0 = Debug|Any CPU
		{30D57757-37E7-4B53-B0D4-4EF14F5997E7}.Release|Any CPU.ActiveCfg = Release|Any CPU
		{30D57757-37E7-4B53-B0D4-4EF14F5997E7}.Release|Any CPU.Build.0 = Release|Any CPU
		{D4239681-61E3-44C8-96FE-D138A140C131}.Debug|Any CPU.ActiveCfg = Debug|Any CPU
		{D4239681-61E3-44C8-96FE-D138A140C131}.Debug|Any CPU.Build.0 = Debug|Any CPU
		{D4239681-61E3-44C8-96FE-D138A140C131}.Release|Any CPU.ActiveCfg = Release|Any CPU
		{D4239681-61E3-44C8-96FE-D138A140C131}.Release|Any CPU.Build.0 = Release|Any CPU
		{C24EBBDE-318B-46E2-9433-E3E3C96899A6}.Debug|Any CPU.ActiveCfg = Debug|Any CPU
		{C24EBBDE-318B-46E2-9433-E3E3C96899A6}.Debug|Any CPU.Build.0 = Debug|Any CPU
		{C24EBBDE-318B-46E2-9433-E3E3C96899A6}.Release|Any CPU.ActiveCfg = Release|Any CPU
		{C24EBBDE-318B-46E2-9433-E3E3C96899A6}.Release|Any CPU.Build.0 = Release|Any CPU
		{5977FEF4-FD6C-4C2A-B6AA-BD75A91EDC9B}.Debug|Any CPU.ActiveCfg = Debug|Any CPU
		{5977FEF4-FD6C-4C2A-B6AA-BD75A91EDC9B}.Debug|Any CPU.Build.0 = Debug|Any CPU
		{5977FEF4-FD6C-4C2A-B6AA-BD75A91EDC9B}.Release|Any CPU.ActiveCfg = Release|Any CPU
		{5977FEF4-FD6C-4C2A-B6AA-BD75A91EDC9B}.Release|Any CPU.Build.0 = Release|Any CPU
		{B475FBF6-67E7-4E48-902B-144A2A9562A4}.Debug|Any CPU.ActiveCfg = Debug|Any CPU
		{B475FBF6-67E7-4E48-902B-144A2A9562A4}.Debug|Any CPU.Build.0 = Debug|Any CPU
		{B475FBF6-67E7-4E48-902B-144A2A9562A4}.Release|Any CPU.ActiveCfg = Release|Any CPU
		{B475FBF6-67E7-4E48-902B-144A2A9562A4}.Release|Any CPU.Build.0 = Release|Any CPU
		{BB86A4F3-71ED-4E48-ADDC-8F7F3A56248A}.Debug|Any CPU.ActiveCfg = Debug|Any CPU
		{BB86A4F3-71ED-4E48-ADDC-8F7F3A56248A}.Debug|Any CPU.Build.0 = Debug|Any CPU
		{BB86A4F3-71ED-4E48-ADDC-8F7F3A56248A}.Release|Any CPU.ActiveCfg = Release|Any CPU
		{BB86A4F3-71ED-4E48-ADDC-8F7F3A56248A}.Release|Any CPU.Build.0 = Release|Any CPU
		{CF5A84CC-ED6F-4BFF-8EB2-D02BA1A45BE8}.Debug|Any CPU.ActiveCfg = Debug|Any CPU
		{CF5A84CC-ED6F-4BFF-8EB2-D02BA1A45BE8}.Debug|Any CPU.Build.0 = Debug|Any CPU
		{CF5A84CC-ED6F-4BFF-8EB2-D02BA1A45BE8}.Release|Any CPU.ActiveCfg = Release|Any CPU
		{CF5A84CC-ED6F-4BFF-8EB2-D02BA1A45BE8}.Release|Any CPU.Build.0 = Release|Any CPU
		{F1B8949D-52B9-4D4D-933C-C2D05B2AB01E}.Debug|Any CPU.ActiveCfg = Debug|Any CPU
		{F1B8949D-52B9-4D4D-933C-C2D05B2AB01E}.Debug|Any CPU.Build.0 = Debug|Any CPU
		{F1B8949D-52B9-4D4D-933C-C2D05B2AB01E}.Release|Any CPU.ActiveCfg = Release|Any CPU
		{F1B8949D-52B9-4D4D-933C-C2D05B2AB01E}.Release|Any CPU.Build.0 = Release|Any CPU
		{D8C43C43-0328-44E2-9251-B7DB4BD215C0}.Debug|Any CPU.ActiveCfg = Debug|Any CPU
		{D8C43C43-0328-44E2-9251-B7DB4BD215C0}.Debug|Any CPU.Build.0 = Debug|Any CPU
		{D8C43C43-0328-44E2-9251-B7DB4BD215C0}.Release|Any CPU.ActiveCfg = Release|Any CPU
		{D8C43C43-0328-44E2-9251-B7DB4BD215C0}.Release|Any CPU.Build.0 = Release|Any CPU
		{61C9496A-421A-478B-BD11-CC1391CD32C8}.Debug|Any CPU.ActiveCfg = Debug|Any CPU
		{61C9496A-421A-478B-BD11-CC1391CD32C8}.Debug|Any CPU.Build.0 = Debug|Any CPU
		{61C9496A-421A-478B-BD11-CC1391CD32C8}.Release|Any CPU.ActiveCfg = Release|Any CPU
		{61C9496A-421A-478B-BD11-CC1391CD32C8}.Release|Any CPU.Build.0 = Release|Any CPU
		{50D7E596-D91F-412E-B8DB-270B93CA7E83}.Debug|Any CPU.ActiveCfg = Debug|Any CPU
		{50D7E596-D91F-412E-B8DB-270B93CA7E83}.Debug|Any CPU.Build.0 = Debug|Any CPU
		{50D7E596-D91F-412E-B8DB-270B93CA7E83}.Release|Any CPU.ActiveCfg = Release|Any CPU
		{50D7E596-D91F-412E-B8DB-270B93CA7E83}.Release|Any CPU.Build.0 = Release|Any CPU
	EndGlobalSection
	GlobalSection(SolutionProperties) = preSolution
		HideSolutionNode = FALSE
	EndGlobalSection
	GlobalSection(NestedProjects) = preSolution
		{41F376CE-8A13-4ED2-8FE0-EDCB28467292} = {99E6ED80-2BC7-46D6-A526-84FF09ED7D00}
		{5A950B2F-3E03-455D-8D73-0411E7C258A8} = {99E6ED80-2BC7-46D6-A526-84FF09ED7D00}
		{2C855869-62E8-47E7-A9C5-D4238C9B581F} = {99E6ED80-2BC7-46D6-A526-84FF09ED7D00}
		{EF7263E7-E8E2-41CD-86AD-F4EAF13DC80A} = {99E6ED80-2BC7-46D6-A526-84FF09ED7D00}
		{30D57757-37E7-4B53-B0D4-4EF14F5997E7} = {99E6ED80-2BC7-46D6-A526-84FF09ED7D00}
		{3478090F-3C6D-4040-90C9-EBAE0C2527B1} = {99E6ED80-2BC7-46D6-A526-84FF09ED7D00}
		{D4239681-61E3-44C8-96FE-D138A140C131} = {3478090F-3C6D-4040-90C9-EBAE0C2527B1}
		{C24EBBDE-318B-46E2-9433-E3E3C96899A6} = {202E118C-3CB4-4925-8B6D-DCB8302975F9}
		{5977FEF4-FD6C-4C2A-B6AA-BD75A91EDC9B} = {202E118C-3CB4-4925-8B6D-DCB8302975F9}
		{B475FBF6-67E7-4E48-902B-144A2A9562A4} = {202E118C-3CB4-4925-8B6D-DCB8302975F9}
		{BB86A4F3-71ED-4E48-ADDC-8F7F3A56248A} = {202E118C-3CB4-4925-8B6D-DCB8302975F9}
		{829AAD98-BDB1-4BCC-AA41-D1B7AF014BB6} = {202E118C-3CB4-4925-8B6D-DCB8302975F9}
		{CF5A84CC-ED6F-4BFF-8EB2-D02BA1A45BE8} = {829AAD98-BDB1-4BCC-AA41-D1B7AF014BB6}
		{F1B8949D-52B9-4D4D-933C-C2D05B2AB01E} = {782E5074-1C3A-42DC-B5DD-6D53E6993A64}
		{D8C43C43-0328-44E2-9251-B7DB4BD215C0} = {782E5074-1C3A-42DC-B5DD-6D53E6993A64}
		{2EF77C9E-C307-49F6-8BD8-00C7B4D851AA} = {782E5074-1C3A-42DC-B5DD-6D53E6993A64}
		{61C9496A-421A-478B-BD11-CC1391CD32C8} = {2EF77C9E-C307-49F6-8BD8-00C7B4D851AA}
		{50D7E596-D91F-412E-B8DB-270B93CA7E83} = {853B8CD4-A8C9-435A-8822-0C4BC1348C78}
	EndGlobalSection
	GlobalSection(ExtensibilityGlobals) = postSolution
		SolutionGuid = {219ACE9E-D85A-4500-9DD8-C685A1B837B1}
	EndGlobalSection
EndGlobal
